
Microsoft Visual Studio Solution File, Format Version 12.00
# Visual Studio Version 16
VisualStudioVersion = 16.0.31729.503
MinimumVisualStudioVersion = 10.0.40219.1
Project("{FAE04EC0-301F-11D3-BF4B-00C04F79EFBC}") = "WebAPI", "WebAPI\WebAPI.csproj", "{3FC5B1A7-0BBB-4398-A912-5041605879D3}"
EndProject
Project("{FAE04EC0-301F-11D3-BF4B-00C04F79EFBC}") = "Tests", "Tests\Tests.csproj", "{A352993E-B867-4B53-9FD9-21480940525E}"
EndProject
Project("{FAE04EC0-301F-11D3-BF4B-00C04F79EFBC}") = "Business", "Business\Business.csproj", "{DE3A84A9-BB8F-42DC-80A3-2896F9F20701}"
EndProject
Project("{FAE04EC0-301F-11D3-BF4B-00C04F79EFBC}") = "DataAccess", "DataAccess\DataAccess.csproj", "{C1D7F691-2BE8-43AA-86B2-FE3E022CDF62}"
EndProject
Project("{FAE04EC0-301F-11D3-BF4B-00C04F79EFBC}") = "Core", "Core\Core.csproj", "{A958AED5-8AB8-476E-83CF-4F4BE30E9632}"
EndProject
Project("{FAE04EC0-301F-11D3-BF4B-00C04F79EFBC}") = "Entities", "Entities\Entities.csproj", "{FD1918CB-4EEF-4ED0-8462-0A39678519DE}"
EndProject
Project("{FAE04EC0-301F-11D3-BF4B-00C04F79EFBC}") = "UIPreparation", "UIPreparation\UIPreparation.csproj", "{4B3238E6-34EB-4FA2-8D1B-93A65DFEF800}"
EndProject
Global
	GlobalSection(SolutionConfigurationPlatforms) = preSolution
		Debug|Any CPU = Debug|Any CPU
		Release|Any CPU = Release|Any CPU
	EndGlobalSection
	GlobalSection(ProjectConfigurationPlatforms) = postSolution
		{3FC5B1A7-0BBB-4398-A912-5041605879D3}.Debug|Any CPU.ActiveCfg = Debug|Any CPU
		{3FC5B1A7-0BBB-4398-A912-5041605879D3}.Debug|Any CPU.Build.0 = Debug|Any CPU
		{3FC5B1A7-0BBB-4398-A912-5041605879D3}.Release|Any CPU.ActiveCfg = Release|Any CPU
		{3FC5B1A7-0BBB-4398-A912-5041605879D3}.Release|Any CPU.Build.0 = Release|Any CPU
		{A352993E-B867-4B53-9FD9-21480940525E}.Debug|Any CPU.ActiveCfg = Debug|Any CPU
		{A352993E-B867-4B53-9FD9-21480940525E}.Debug|Any CPU.Build.0 = Debug|Any CPU
		{A352993E-B867-4B53-9FD9-21480940525E}.Release|Any CPU.ActiveCfg = Release|Any CPU
		{A352993E-B867-4B53-9FD9-21480940525E}.Release|Any CPU.Build.0 = Release|Any CPU
		{DE3A84A9-BB8F-42DC-80A3-2896F9F20701}.Debug|Any CPU.ActiveCfg = Debug|Any CPU
		{DE3A84A9-BB8F-42DC-80A3-2896F9F20701}.Debug|Any CPU.Build.0 = Debug|Any CPU
		{DE3A84A9-BB8F-42DC-80A3-2896F9F20701}.Release|Any CPU.ActiveCfg = Release|Any CPU
		{DE3A84A9-BB8F-42DC-80A3-2896F9F20701}.Release|Any CPU.Build.0 = Release|Any CPU
		{C1D7F691-2BE8-43AA-86B2-FE3E022CDF62}.Debug|Any CPU.ActiveCfg = Debug|Any CPU
		{C1D7F691-2BE8-43AA-86B2-FE3E022CDF62}.Debug|Any CPU.Build.0 = Debug|Any CPU
		{C1D7F691-2BE8-43AA-86B2-FE3E022CDF62}.Release|Any CPU.ActiveCfg = Release|Any CPU
		{C1D7F691-2BE8-43AA-86B2-FE3E022CDF62}.Release|Any CPU.Build.0 = Release|Any CPU
		{A958AED5-8AB8-476E-83CF-4F4BE30E9632}.Debug|Any CPU.ActiveCfg = Debug|Any CPU
		{A958AED5-8AB8-476E-83CF-4F4BE30E9632}.Debug|Any CPU.Build.0 = Debug|Any CPU
		{A958AED5-8AB8-476E-83CF-4F4BE30E9632}.Release|Any CPU.ActiveCfg = Release|Any CPU
		{A958AED5-8AB8-476E-83CF-4F4BE30E9632}.Release|Any CPU.Build.0 = Release|Any CPU
		{FD1918CB-4EEF-4ED0-8462-0A39678519DE}.Debug|Any CPU.ActiveCfg = Debug|Any CPU
		{FD1918CB-4EEF-4ED0-8462-0A39678519DE}.Debug|Any CPU.Build.0 = Debug|Any CPU
		{FD1918CB-4EEF-4ED0-8462-0A39678519DE}.Release|Any CPU.ActiveCfg = Release|Any CPU
		{FD1918CB-4EEF-4ED0-8462-0A39678519DE}.Release|Any CPU.Build.0 = Release|Any CPU
		{4B3238E6-34EB-4FA2-8D1B-93A65DFEF800}.Debug|Any CPU.ActiveCfg = Debug|Any CPU
		{4B3238E6-34EB-4FA2-8D1B-93A65DFEF800}.Debug|Any CPU.Build.0 = Debug|Any CPU
		{4B3238E6-34EB-4FA2-8D1B-93A65DFEF800}.Release|Any CPU.ActiveCfg = Release|Any CPU
		{4B3238E6-34EB-4FA2-8D1B-93A65DFEF800}.Release|Any CPU.Build.0 = Release|Any CPU
	EndGlobalSection
	GlobalSection(SolutionProperties) = preSolution
		HideSolutionNode = FALSE
	EndGlobalSection
	GlobalSection(ExtensibilityGlobals) = postSolution
		SolutionGuid = {73CB008F-CE14-4CD9-8EDA-829856B6C07C}
	EndGlobalSection
EndGlobal
